
Microsoft Visual Studio Solution File, Format Version 12.00
# Visual Studio Version 16
VisualStudioVersion = 16.0.28803.452
MinimumVisualStudioVersion = 10.0.40219.1
Project("{9A19103F-16F7-4668-BE54-9A1E7A4F7556}") = "Deveroom.VisualStudio.Package", "Deveroom.VisualStudio.Package\Deveroom.VisualStudio.Package.csproj", "{00920A0A-A73C-487F-BC41-9B92F2F0EBD7}"
	ProjectSection(ProjectDependencies) = postProject
		{4A884C12-01D7-4519-A510-3493BE910988} = {4A884C12-01D7-4519-A510-3493BE910988}
		{B1D4F570-499E-4550-8D29-40510954FD05} = {B1D4F570-499E-4550-8D29-40510954FD05}
	EndProjectSection
EndProject
Project("{9A19103F-16F7-4668-BE54-9A1E7A4F7556}") = "Deveroom.VisualStudio.SpecFlowConnector.Models", "Deveroom.VisualStudio.SpecFlowConnector.Models\Deveroom.VisualStudio.SpecFlowConnector.Models.csproj", "{261CCD0B-7411-40F0-B780-12537175B468}"
EndProject
Project("{9A19103F-16F7-4668-BE54-9A1E7A4F7556}") = "Deveroom.SampleProjectGenerator", "Tests\Deveroom.SampleProjectGenerator\Deveroom.SampleProjectGenerator.csproj", "{69E328C0-247D-45B8-9A57-DAE6D88A4AD8}"
EndProject
Project("{9A19103F-16F7-4668-BE54-9A1E7A4F7556}") = "Deveroom.VisualStudio", "Deveroom.VisualStudio\Deveroom.VisualStudio.csproj", "{E687A5FA-A35F-4190-BFFB-3AC245CB2AD5}"
EndProject
Project("{9A19103F-16F7-4668-BE54-9A1E7A4F7556}") = "Deveroom.SampleProjectGenerator.Core", "Tests\Deveroom.SampleProjectGenerator.Core\Deveroom.SampleProjectGenerator.Core.csproj", "{A43E4E30-1062-4EF8-A17D-4DEF77BAACA3}"
EndProject
Project("{2150E333-8FDC-42A3-9474-1A3956D46DE8}") = "Tests", "Tests", "{11E7849D-8059-417F-BEB2-7B576B7993F3}"
EndProject
Project("{9A19103F-16F7-4668-BE54-9A1E7A4F7556}") = "Deveroom.VisualStudio.VsxStubs", "Tests\Deveroom.VisualStudio.VsxStubs\Deveroom.VisualStudio.VsxStubs.csproj", "{84081A7E-4D74-4388-9CA7-8F488DF4C68B}"
EndProject
Project("{9A19103F-16F7-4668-BE54-9A1E7A4F7556}") = "Deveroom.VisualStudio.SpecFlowConnector.V1", "Deveroom.VisualStudio.SpecFlowConnector.V1\Deveroom.VisualStudio.SpecFlowConnector.V1.csproj", "{B1D4F570-499E-4550-8D29-40510954FD05}"
EndProject
Project("{9A19103F-16F7-4668-BE54-9A1E7A4F7556}") = "Deveroom.VisualStudio.UI", "Deveroom.VisualStudio.UI\Deveroom.VisualStudio.UI.csproj", "{AD1186D6-A3AD-4425-A447-12D7E1C342D8}"
EndProject
Project("{9A19103F-16F7-4668-BE54-9A1E7A4F7556}") = "Deveroom.VisualStudio.ItemTemplates", "Deveroom.VisualStudio.ItemTemplates\Deveroom.VisualStudio.ItemTemplates.csproj", "{05D08F34-A49E-4F4C-A896-F5FDE3A9263A}"
EndProject
Project("{9A19103F-16F7-4668-BE54-9A1E7A4F7556}") = "Deveroom.VisualStudio.SpecFlowConnector.V2", "Deveroom.VisualStudio.SpecFlowConnector.V2\Deveroom.VisualStudio.SpecFlowConnector.V2.csproj", "{4A884C12-01D7-4519-A510-3493BE910988}"
EndProject
Project("{2150E333-8FDC-42A3-9474-1A3956D46DE8}") = "Connectors", "Connectors", "{B9F019ED-754C-4D7E-90ED-7D54A50B38EB}"
EndProject
Project("{D954291E-2A0B-460D-934E-DC6B0785DB48}") = "Deveroom.VisualStudio.Common", "Deveroom.VisualStudio.Common\Deveroom.VisualStudio.Common.shproj", "{0CA5992A-E95E-472F-90CF-36BE75A6CEDE}"
EndProject
Project("{D954291E-2A0B-460D-934E-DC6B0785DB48}") = "Deveroom.VisualStudio.SpecFlowConnector", "Deveroom.VisualStudio.SpecFlowConnector\Deveroom.VisualStudio.SpecFlowConnector.shproj", "{E0B508C5-C71F-43B2-A564-E2BB0CD92F7C}"
EndProject
Project("{2150E333-8FDC-42A3-9474-1A3956D46DE8}") = "Doc", "Doc", "{73BEBCB3-7CCD-4011-AB9B-ED2A291AA479}"
	ProjectSection(SolutionItems) = preProject
		doc\AssetsAndEvents.md = doc\AssetsAndEvents.md
		Changelog.md = Changelog.md
		CONTRIBUTION.md = CONTRIBUTION.md
	EndProjectSection
EndProject
Project("{9A19103F-16F7-4668-BE54-9A1E7A4F7556}") = "Deveroom.VisualStudio.SpecFlow19Connector.Tests", "Tests\Deveroom.VisualStudio.SpecFlow19Connector.Tests\Deveroom.VisualStudio.SpecFlow19Connector.Tests.csproj", "{71474D25-09C0-424B-8FAF-62F0B73FA6BD}"
EndProject
Project("{9A19103F-16F7-4668-BE54-9A1E7A4F7556}") = "Deveroom.VisualStudio.SpecFlow20Connector.Tests", "Tests\Deveroom.VisualStudio.SpecFlow20Connector.Tests\Deveroom.VisualStudio.SpecFlow20Connector.Tests.csproj", "{45C56238-1F6C-47AF-BC25-92CC4BCF51F6}"
EndProject
Project("{9A19103F-16F7-4668-BE54-9A1E7A4F7556}") = "Deveroom.VisualStudio.SpecFlow21Connector.Tests", "Tests\Deveroom.VisualStudio.SpecFlow21Connector.Tests\Deveroom.VisualStudio.SpecFlow21Connector.Tests.csproj", "{239857A5-F335-4ABF-A8BB-8EB9A81BA3F3}"
EndProject
Project("{9A19103F-16F7-4668-BE54-9A1E7A4F7556}") = "Deveroom.VisualStudio.SpecFlow22Connector.Tests", "Tests\Deveroom.VisualStudio.SpecFlow22Connector.Tests\Deveroom.VisualStudio.SpecFlow22Connector.Tests.csproj", "{7BC975EF-EA69-4EA0-8AC7-01642F2D6086}"
EndProject
Project("{9A19103F-16F7-4668-BE54-9A1E7A4F7556}") = "Deveroom.VisualStudio.SpecFlowConnector.V1.Tests", "Tests\Deveroom.VisualStudio.SpecFlowConnector.V1.Tests\Deveroom.VisualStudio.SpecFlowConnector.V1.Tests.csproj", "{91127A4A-B1CA-4A5E-8A54-2F1E0C9B0BFC}"
EndProject
Project("{9A19103F-16F7-4668-BE54-9A1E7A4F7556}") = "Deveroom.VisualStudio.Tests", "Tests\Deveroom.VisualStudio.Tests\Deveroom.VisualStudio.Tests.csproj", "{69997CEE-FE90-4CF6-97AE-8A2B7811A4F5}"
EndProject
Project("{9A19103F-16F7-4668-BE54-9A1E7A4F7556}") = "Deveroom.VisualStudio.Specs", "Tests\Deveroom.VisualStudio.Specs\Deveroom.VisualStudio.Specs.csproj", "{14A1CF32-83E1-4B67-88E2-3EBFE9F5071C}"
	ProjectSection(ProjectDependencies) = postProject
		{4A884C12-01D7-4519-A510-3493BE910988} = {4A884C12-01D7-4519-A510-3493BE910988}
		{B1D4F570-499E-4550-8D29-40510954FD05} = {B1D4F570-499E-4550-8D29-40510954FD05}
	EndProjectSection
EndProject
Project("{9A19103F-16F7-4668-BE54-9A1E7A4F7556}") = "Deveroom.VisualStudio.SpecFlow30NetFwConnector.Tests", "Tests\Deveroom.VisualStudio.SpecFlow30NetFwConnector.Tests\Deveroom.VisualStudio.SpecFlow30NetFwConnector.Tests.csproj", "{817E430C-8C30-4452-A4EA-ECCFCD466BDF}"
EndProject
Project("{9A19103F-16F7-4668-BE54-9A1E7A4F7556}") = "Deveroom.VisualStudio.SpecFlow30NetCoreConnector.Tests", "Tests\Deveroom.VisualStudio.SpecFlow30NetCoreConnector.Tests\Deveroom.VisualStudio.SpecFlow30NetCoreConnector.Tests.csproj", "{C932BEDD-F645-448B-B37E-C326FDC1A453}"
EndProject
Project("{2150E333-8FDC-42A3-9474-1A3956D46DE8}") = "Tests", "Tests", "{3710808B-7098-4236-9053-FDB52CBB51E0}"
EndProject
Project("{9A19103F-16F7-4668-BE54-9A1E7A4F7556}") = "Deveroom.VisualStudio.SpecFlow23Connector.Tests", "Tests\Deveroom.VisualStudio.SpecFlow23Connector.Tests\Deveroom.VisualStudio.SpecFlow23Connector.Tests.csproj", "{51C25E90-B0E4-4781-B973-2D2C2987F304}"
EndProject
Project("{9A19103F-16F7-4668-BE54-9A1E7A4F7556}") = "Deveroom.VisualStudio.SpecFlow24Connector.Tests", "Tests\Deveroom.VisualStudio.SpecFlow24Connector.Tests\Deveroom.VisualStudio.SpecFlow24Connector.Tests.csproj", "{02BA7A29-42F3-484F-A93A-CA0EEEB46A92}"
EndProject
Project("{9A19103F-16F7-4668-BE54-9A1E7A4F7556}") = "Deveroom.VisualStudio.Dev", "Deveroom.VisualStudio.Dev\Deveroom.VisualStudio.Dev.csproj", "{17DD8701-E404-4343-AA04-61FC11CEDE72}"
EndProject
Project("{2150E333-8FDC-42A3-9474-1A3956D46DE8}") = "Repo", "Repo", "{31ACD27E-7410-40B8-8E7D-3C0E787C0814}"
	ProjectSection(SolutionItems) = preProject
		azure-pipelines.yml = azure-pipelines.yml
	EndProjectSection
EndProject
Project("{9A19103F-16F7-4668-BE54-9A1E7A4F7556}") = "Deveroom.VisualStudio.SpecFlow30P220NetCoreConnector.Tests", "Tests\Deveroom.VisualStudio.SpecFlow30P220NetCoreConnector.Tests\Deveroom.VisualStudio.SpecFlow30P220NetCoreConnector.Tests.csproj", "{C4DF9612-4416-4BD3-A67B-EC4115C97A44}"
EndProject
Project("{9A19103F-16F7-4668-BE54-9A1E7A4F7556}") = "Deveroom.VisualStudio.SpecFlow30P220NetFwConnector.Tests", "Tests\Deveroom.VisualStudio.SpecFlow30P220NetFwConnector.Tests\Deveroom.VisualStudio.SpecFlow30P220NetFwConnector.Tests.csproj", "{4E99D386-BAD3-4B5E-A80A-EFD3D90A1654}"
EndProject
Project("{9A19103F-16F7-4668-BE54-9A1E7A4F7556}") = "Deveroom.VisualStudio.SpecFlow31NetCoreConnector.Tests", "Tests\Deveroom.VisualStudio.SpecFlow31NetCoreConnector.Tests\Deveroom.VisualStudio.SpecFlow31NetCoreConnector.Tests.csproj", "{F001F36F-536C-4EEB-AB11-712D8120A771}"
EndProject
Project("{9A19103F-16F7-4668-BE54-9A1E7A4F7556}") = "Deveroom.VisualStudio.SpecFlow31NetFwConnector.Tests", "Tests\Deveroom.VisualStudio.SpecFlow31NetFwConnector.Tests\Deveroom.VisualStudio.SpecFlow31NetFwConnector.Tests.csproj", "{1DE6AE23-DB3F-44B5-8633-80F6A1AB0BC1}"
EndProject
Project("{9A19103F-16F7-4668-BE54-9A1E7A4F7556}") = "Deveroom.VisualStudio.SpecFlow31Net5Connector.Tests", "Tests\Deveroom.VisualStudio.SpecFlow31Net5Connector.Tests\Deveroom.VisualStudio.SpecFlow31Net5Connector.Tests.csproj", "{CE4E0DF5-132A-417B-B062-F70CF0F692F4}"
EndProject
Global
	GlobalSection(SharedMSBuildProjectFiles) = preSolution
		Deveroom.VisualStudio.Common\Deveroom.VisualStudio.Common.projitems*{0ca5992a-e95e-472f-90cf-36be75a6cede}*SharedItemsImports = 13
		Deveroom.VisualStudio.Common\Deveroom.VisualStudio.Common.projitems*{4a884c12-01d7-4519-a510-3493be910988}*SharedItemsImports = 5
		Deveroom.VisualStudio.SpecFlowConnector\Deveroom.VisualStudio.SpecFlowConnector.projitems*{4a884c12-01d7-4519-a510-3493be910988}*SharedItemsImports = 5
		Deveroom.VisualStudio.Common\Deveroom.VisualStudio.Common.projitems*{b1d4f570-499e-4550-8d29-40510954fd05}*SharedItemsImports = 5
		Deveroom.VisualStudio.SpecFlowConnector\Deveroom.VisualStudio.SpecFlowConnector.projitems*{b1d4f570-499e-4550-8d29-40510954fd05}*SharedItemsImports = 5
		Deveroom.VisualStudio.SpecFlowConnector\Deveroom.VisualStudio.SpecFlowConnector.projitems*{e0b508c5-c71f-43b2-a564-e2bb0cd92f7c}*SharedItemsImports = 13
		Deveroom.VisualStudio.Common\Deveroom.VisualStudio.Common.projitems*{e687a5fa-a35f-4190-bffb-3ac245cb2ad5}*SharedItemsImports = 5
	EndGlobalSection
	GlobalSection(SolutionConfigurationPlatforms) = preSolution
		Debug|Any CPU = Debug|Any CPU
		Release|Any CPU = Release|Any CPU
		TestDebug|Any CPU = TestDebug|Any CPU
	EndGlobalSection
	GlobalSection(ProjectConfigurationPlatforms) = postSolution
		{00920A0A-A73C-487F-BC41-9B92F2F0EBD7}.Debug|Any CPU.ActiveCfg = Debug|Any CPU
		{00920A0A-A73C-487F-BC41-9B92F2F0EBD7}.Debug|Any CPU.Build.0 = Debug|Any CPU
		{00920A0A-A73C-487F-BC41-9B92F2F0EBD7}.Release|Any CPU.ActiveCfg = Release|Any CPU
		{00920A0A-A73C-487F-BC41-9B92F2F0EBD7}.Release|Any CPU.Build.0 = Release|Any CPU
		{00920A0A-A73C-487F-BC41-9B92F2F0EBD7}.TestDebug|Any CPU.ActiveCfg = Debug|Any CPU
		{261CCD0B-7411-40F0-B780-12537175B468}.Debug|Any CPU.ActiveCfg = Debug|Any CPU
		{261CCD0B-7411-40F0-B780-12537175B468}.Debug|Any CPU.Build.0 = Debug|Any CPU
		{261CCD0B-7411-40F0-B780-12537175B468}.Release|Any CPU.ActiveCfg = Release|Any CPU
		{261CCD0B-7411-40F0-B780-12537175B468}.Release|Any CPU.Build.0 = Release|Any CPU
		{261CCD0B-7411-40F0-B780-12537175B468}.TestDebug|Any CPU.ActiveCfg = Debug|Any CPU
		{261CCD0B-7411-40F0-B780-12537175B468}.TestDebug|Any CPU.Build.0 = Debug|Any CPU
		{69E328C0-247D-45B8-9A57-DAE6D88A4AD8}.Debug|Any CPU.ActiveCfg = Debug|Any CPU
		{69E328C0-247D-45B8-9A57-DAE6D88A4AD8}.Debug|Any CPU.Build.0 = Debug|Any CPU
		{69E328C0-247D-45B8-9A57-DAE6D88A4AD8}.Release|Any CPU.ActiveCfg = Release|Any CPU
		{69E328C0-247D-45B8-9A57-DAE6D88A4AD8}.TestDebug|Any CPU.ActiveCfg = Debug|Any CPU
		{69E328C0-247D-45B8-9A57-DAE6D88A4AD8}.TestDebug|Any CPU.Build.0 = Debug|Any CPU
		{E687A5FA-A35F-4190-BFFB-3AC245CB2AD5}.Debug|Any CPU.ActiveCfg = Debug|Any CPU
		{E687A5FA-A35F-4190-BFFB-3AC245CB2AD5}.Debug|Any CPU.Build.0 = Debug|Any CPU
		{E687A5FA-A35F-4190-BFFB-3AC245CB2AD5}.Release|Any CPU.ActiveCfg = Release|Any CPU
		{E687A5FA-A35F-4190-BFFB-3AC245CB2AD5}.Release|Any CPU.Build.0 = Release|Any CPU
		{E687A5FA-A35F-4190-BFFB-3AC245CB2AD5}.TestDebug|Any CPU.ActiveCfg = Debug|Any CPU
		{E687A5FA-A35F-4190-BFFB-3AC245CB2AD5}.TestDebug|Any CPU.Build.0 = Debug|Any CPU
		{A43E4E30-1062-4EF8-A17D-4DEF77BAACA3}.Debug|Any CPU.ActiveCfg = Debug|Any CPU
		{A43E4E30-1062-4EF8-A17D-4DEF77BAACA3}.Debug|Any CPU.Build.0 = Debug|Any CPU
		{A43E4E30-1062-4EF8-A17D-4DEF77BAACA3}.Release|Any CPU.ActiveCfg = Release|Any CPU
		{A43E4E30-1062-4EF8-A17D-4DEF77BAACA3}.TestDebug|Any CPU.ActiveCfg = Debug|Any CPU
		{A43E4E30-1062-4EF8-A17D-4DEF77BAACA3}.TestDebug|Any CPU.Build.0 = Debug|Any CPU
		{84081A7E-4D74-4388-9CA7-8F488DF4C68B}.Debug|Any CPU.ActiveCfg = Debug|Any CPU
		{84081A7E-4D74-4388-9CA7-8F488DF4C68B}.Debug|Any CPU.Build.0 = Debug|Any CPU
		{84081A7E-4D74-4388-9CA7-8F488DF4C68B}.Release|Any CPU.ActiveCfg = Release|Any CPU
		{84081A7E-4D74-4388-9CA7-8F488DF4C68B}.TestDebug|Any CPU.ActiveCfg = Debug|Any CPU
		{84081A7E-4D74-4388-9CA7-8F488DF4C68B}.TestDebug|Any CPU.Build.0 = Debug|Any CPU
		{B1D4F570-499E-4550-8D29-40510954FD05}.Debug|Any CPU.ActiveCfg = Debug|Any CPU
		{B1D4F570-499E-4550-8D29-40510954FD05}.Debug|Any CPU.Build.0 = Debug|Any CPU
		{B1D4F570-499E-4550-8D29-40510954FD05}.Release|Any CPU.ActiveCfg = Release|Any CPU
		{B1D4F570-499E-4550-8D29-40510954FD05}.Release|Any CPU.Build.0 = Release|Any CPU
		{B1D4F570-499E-4550-8D29-40510954FD05}.TestDebug|Any CPU.ActiveCfg = Debug|Any CPU
		{B1D4F570-499E-4550-8D29-40510954FD05}.TestDebug|Any CPU.Build.0 = Debug|Any CPU
		{AD1186D6-A3AD-4425-A447-12D7E1C342D8}.Debug|Any CPU.ActiveCfg = Debug|Any CPU
		{AD1186D6-A3AD-4425-A447-12D7E1C342D8}.Debug|Any CPU.Build.0 = Debug|Any CPU
		{AD1186D6-A3AD-4425-A447-12D7E1C342D8}.Release|Any CPU.ActiveCfg = Release|Any CPU
		{AD1186D6-A3AD-4425-A447-12D7E1C342D8}.Release|Any CPU.Build.0 = Release|Any CPU
		{AD1186D6-A3AD-4425-A447-12D7E1C342D8}.TestDebug|Any CPU.ActiveCfg = Debug|Any CPU
		{AD1186D6-A3AD-4425-A447-12D7E1C342D8}.TestDebug|Any CPU.Build.0 = Debug|Any CPU
		{05D08F34-A49E-4F4C-A896-F5FDE3A9263A}.Debug|Any CPU.ActiveCfg = Debug|Any CPU
		{05D08F34-A49E-4F4C-A896-F5FDE3A9263A}.Debug|Any CPU.Build.0 = Debug|Any CPU
		{05D08F34-A49E-4F4C-A896-F5FDE3A9263A}.Release|Any CPU.ActiveCfg = Release|Any CPU
		{05D08F34-A49E-4F4C-A896-F5FDE3A9263A}.Release|Any CPU.Build.0 = Release|Any CPU
		{05D08F34-A49E-4F4C-A896-F5FDE3A9263A}.TestDebug|Any CPU.ActiveCfg = Debug|Any CPU
		{05D08F34-A49E-4F4C-A896-F5FDE3A9263A}.TestDebug|Any CPU.Build.0 = Debug|Any CPU
		{4A884C12-01D7-4519-A510-3493BE910988}.Debug|Any CPU.ActiveCfg = Debug|Any CPU
		{4A884C12-01D7-4519-A510-3493BE910988}.Debug|Any CPU.Build.0 = Debug|Any CPU
		{4A884C12-01D7-4519-A510-3493BE910988}.Release|Any CPU.ActiveCfg = Release|Any CPU
		{4A884C12-01D7-4519-A510-3493BE910988}.Release|Any CPU.Build.0 = Release|Any CPU
		{4A884C12-01D7-4519-A510-3493BE910988}.TestDebug|Any CPU.ActiveCfg = Debug|Any CPU
		{4A884C12-01D7-4519-A510-3493BE910988}.TestDebug|Any CPU.Build.0 = Debug|Any CPU
		{71474D25-09C0-424B-8FAF-62F0B73FA6BD}.Debug|Any CPU.ActiveCfg = Debug|Any CPU
		{71474D25-09C0-424B-8FAF-62F0B73FA6BD}.Debug|Any CPU.Build.0 = Debug|Any CPU
		{71474D25-09C0-424B-8FAF-62F0B73FA6BD}.Release|Any CPU.ActiveCfg = Release|Any CPU
		{71474D25-09C0-424B-8FAF-62F0B73FA6BD}.Release|Any CPU.Build.0 = Release|Any CPU
		{71474D25-09C0-424B-8FAF-62F0B73FA6BD}.TestDebug|Any CPU.ActiveCfg = Debug|Any CPU
		{71474D25-09C0-424B-8FAF-62F0B73FA6BD}.TestDebug|Any CPU.Build.0 = Debug|Any CPU
		{45C56238-1F6C-47AF-BC25-92CC4BCF51F6}.Debug|Any CPU.ActiveCfg = Debug|Any CPU
		{45C56238-1F6C-47AF-BC25-92CC4BCF51F6}.Debug|Any CPU.Build.0 = Debug|Any CPU
		{45C56238-1F6C-47AF-BC25-92CC4BCF51F6}.Release|Any CPU.ActiveCfg = Release|Any CPU
		{45C56238-1F6C-47AF-BC25-92CC4BCF51F6}.Release|Any CPU.Build.0 = Release|Any CPU
		{45C56238-1F6C-47AF-BC25-92CC4BCF51F6}.TestDebug|Any CPU.ActiveCfg = Debug|Any CPU
		{45C56238-1F6C-47AF-BC25-92CC4BCF51F6}.TestDebug|Any CPU.Build.0 = Debug|Any CPU
		{239857A5-F335-4ABF-A8BB-8EB9A81BA3F3}.Debug|Any CPU.ActiveCfg = Debug|Any CPU
		{239857A5-F335-4ABF-A8BB-8EB9A81BA3F3}.Debug|Any CPU.Build.0 = Debug|Any CPU
		{239857A5-F335-4ABF-A8BB-8EB9A81BA3F3}.Release|Any CPU.ActiveCfg = Release|Any CPU
		{239857A5-F335-4ABF-A8BB-8EB9A81BA3F3}.Release|Any CPU.Build.0 = Release|Any CPU
		{239857A5-F335-4ABF-A8BB-8EB9A81BA3F3}.TestDebug|Any CPU.ActiveCfg = Debug|Any CPU
		{239857A5-F335-4ABF-A8BB-8EB9A81BA3F3}.TestDebug|Any CPU.Build.0 = Debug|Any CPU
		{7BC975EF-EA69-4EA0-8AC7-01642F2D6086}.Debug|Any CPU.ActiveCfg = Debug|Any CPU
		{7BC975EF-EA69-4EA0-8AC7-01642F2D6086}.Debug|Any CPU.Build.0 = Debug|Any CPU
		{7BC975EF-EA69-4EA0-8AC7-01642F2D6086}.Release|Any CPU.ActiveCfg = Release|Any CPU
		{7BC975EF-EA69-4EA0-8AC7-01642F2D6086}.Release|Any CPU.Build.0 = Release|Any CPU
		{7BC975EF-EA69-4EA0-8AC7-01642F2D6086}.TestDebug|Any CPU.ActiveCfg = Debug|Any CPU
		{7BC975EF-EA69-4EA0-8AC7-01642F2D6086}.TestDebug|Any CPU.Build.0 = Debug|Any CPU
		{91127A4A-B1CA-4A5E-8A54-2F1E0C9B0BFC}.Debug|Any CPU.ActiveCfg = Debug|Any CPU
		{91127A4A-B1CA-4A5E-8A54-2F1E0C9B0BFC}.Debug|Any CPU.Build.0 = Debug|Any CPU
		{91127A4A-B1CA-4A5E-8A54-2F1E0C9B0BFC}.Release|Any CPU.ActiveCfg = Release|Any CPU
		{91127A4A-B1CA-4A5E-8A54-2F1E0C9B0BFC}.Release|Any CPU.Build.0 = Release|Any CPU
		{91127A4A-B1CA-4A5E-8A54-2F1E0C9B0BFC}.TestDebug|Any CPU.ActiveCfg = Debug|Any CPU
		{91127A4A-B1CA-4A5E-8A54-2F1E0C9B0BFC}.TestDebug|Any CPU.Build.0 = Debug|Any CPU
		{69997CEE-FE90-4CF6-97AE-8A2B7811A4F5}.Debug|Any CPU.ActiveCfg = Debug|Any CPU
		{69997CEE-FE90-4CF6-97AE-8A2B7811A4F5}.Debug|Any CPU.Build.0 = Debug|Any CPU
		{69997CEE-FE90-4CF6-97AE-8A2B7811A4F5}.Release|Any CPU.ActiveCfg = Release|Any CPU
		{69997CEE-FE90-4CF6-97AE-8A2B7811A4F5}.Release|Any CPU.Build.0 = Release|Any CPU
		{69997CEE-FE90-4CF6-97AE-8A2B7811A4F5}.TestDebug|Any CPU.ActiveCfg = Debug|Any CPU
		{69997CEE-FE90-4CF6-97AE-8A2B7811A4F5}.TestDebug|Any CPU.Build.0 = Debug|Any CPU
		{14A1CF32-83E1-4B67-88E2-3EBFE9F5071C}.Debug|Any CPU.ActiveCfg = Debug|Any CPU
		{14A1CF32-83E1-4B67-88E2-3EBFE9F5071C}.Debug|Any CPU.Build.0 = Debug|Any CPU
		{14A1CF32-83E1-4B67-88E2-3EBFE9F5071C}.Release|Any CPU.ActiveCfg = Release|Any CPU
		{14A1CF32-83E1-4B67-88E2-3EBFE9F5071C}.Release|Any CPU.Build.0 = Release|Any CPU
		{14A1CF32-83E1-4B67-88E2-3EBFE9F5071C}.TestDebug|Any CPU.ActiveCfg = Debug|Any CPU
		{14A1CF32-83E1-4B67-88E2-3EBFE9F5071C}.TestDebug|Any CPU.Build.0 = Debug|Any CPU
		{817E430C-8C30-4452-A4EA-ECCFCD466BDF}.Debug|Any CPU.ActiveCfg = Debug|Any CPU
		{817E430C-8C30-4452-A4EA-ECCFCD466BDF}.Debug|Any CPU.Build.0 = Debug|Any CPU
		{817E430C-8C30-4452-A4EA-ECCFCD466BDF}.Release|Any CPU.ActiveCfg = Release|Any CPU
		{817E430C-8C30-4452-A4EA-ECCFCD466BDF}.Release|Any CPU.Build.0 = Release|Any CPU
		{817E430C-8C30-4452-A4EA-ECCFCD466BDF}.TestDebug|Any CPU.ActiveCfg = Debug|Any CPU
		{817E430C-8C30-4452-A4EA-ECCFCD466BDF}.TestDebug|Any CPU.Build.0 = Debug|Any CPU
		{C932BEDD-F645-448B-B37E-C326FDC1A453}.Debug|Any CPU.ActiveCfg = Debug|Any CPU
		{C932BEDD-F645-448B-B37E-C326FDC1A453}.Debug|Any CPU.Build.0 = Debug|Any CPU
		{C932BEDD-F645-448B-B37E-C326FDC1A453}.Release|Any CPU.ActiveCfg = Release|Any CPU
		{C932BEDD-F645-448B-B37E-C326FDC1A453}.Release|Any CPU.Build.0 = Release|Any CPU
		{C932BEDD-F645-448B-B37E-C326FDC1A453}.TestDebug|Any CPU.ActiveCfg = Debug|Any CPU
		{C932BEDD-F645-448B-B37E-C326FDC1A453}.TestDebug|Any CPU.Build.0 = Debug|Any CPU
		{51C25E90-B0E4-4781-B973-2D2C2987F304}.Debug|Any CPU.ActiveCfg = Debug|Any CPU
		{51C25E90-B0E4-4781-B973-2D2C2987F304}.Debug|Any CPU.Build.0 = Debug|Any CPU
		{51C25E90-B0E4-4781-B973-2D2C2987F304}.Release|Any CPU.ActiveCfg = Release|Any CPU
		{51C25E90-B0E4-4781-B973-2D2C2987F304}.Release|Any CPU.Build.0 = Release|Any CPU
		{51C25E90-B0E4-4781-B973-2D2C2987F304}.TestDebug|Any CPU.ActiveCfg = Debug|Any CPU
		{51C25E90-B0E4-4781-B973-2D2C2987F304}.TestDebug|Any CPU.Build.0 = Debug|Any CPU
		{02BA7A29-42F3-484F-A93A-CA0EEEB46A92}.Debug|Any CPU.ActiveCfg = Debug|Any CPU
		{02BA7A29-42F3-484F-A93A-CA0EEEB46A92}.Debug|Any CPU.Build.0 = Debug|Any CPU
		{02BA7A29-42F3-484F-A93A-CA0EEEB46A92}.Release|Any CPU.ActiveCfg = Release|Any CPU
		{02BA7A29-42F3-484F-A93A-CA0EEEB46A92}.Release|Any CPU.Build.0 = Release|Any CPU
		{02BA7A29-42F3-484F-A93A-CA0EEEB46A92}.TestDebug|Any CPU.ActiveCfg = Debug|Any CPU
		{02BA7A29-42F3-484F-A93A-CA0EEEB46A92}.TestDebug|Any CPU.Build.0 = Debug|Any CPU
		{17DD8701-E404-4343-AA04-61FC11CEDE72}.Debug|Any CPU.ActiveCfg = Debug|Any CPU
		{17DD8701-E404-4343-AA04-61FC11CEDE72}.Debug|Any CPU.Build.0 = Debug|Any CPU
		{17DD8701-E404-4343-AA04-61FC11CEDE72}.Release|Any CPU.ActiveCfg = Release|Any CPU
		{17DD8701-E404-4343-AA04-61FC11CEDE72}.Release|Any CPU.Build.0 = Release|Any CPU
		{17DD8701-E404-4343-AA04-61FC11CEDE72}.TestDebug|Any CPU.ActiveCfg = Debug|Any CPU
		{17DD8701-E404-4343-AA04-61FC11CEDE72}.TestDebug|Any CPU.Build.0 = Debug|Any CPU
		{C4DF9612-4416-4BD3-A67B-EC4115C97A44}.Debug|Any CPU.ActiveCfg = Debug|Any CPU
		{C4DF9612-4416-4BD3-A67B-EC4115C97A44}.Debug|Any CPU.Build.0 = Debug|Any CPU
		{C4DF9612-4416-4BD3-A67B-EC4115C97A44}.Release|Any CPU.ActiveCfg = Release|Any CPU
		{C4DF9612-4416-4BD3-A67B-EC4115C97A44}.Release|Any CPU.Build.0 = Release|Any CPU
		{C4DF9612-4416-4BD3-A67B-EC4115C97A44}.TestDebug|Any CPU.ActiveCfg = Debug|Any CPU
		{C4DF9612-4416-4BD3-A67B-EC4115C97A44}.TestDebug|Any CPU.Build.0 = Debug|Any CPU
		{4E99D386-BAD3-4B5E-A80A-EFD3D90A1654}.Debug|Any CPU.ActiveCfg = Debug|Any CPU
		{4E99D386-BAD3-4B5E-A80A-EFD3D90A1654}.Debug|Any CPU.Build.0 = Debug|Any CPU
		{4E99D386-BAD3-4B5E-A80A-EFD3D90A1654}.Release|Any CPU.ActiveCfg = Release|Any CPU
		{4E99D386-BAD3-4B5E-A80A-EFD3D90A1654}.Release|Any CPU.Build.0 = Release|Any CPU
		{4E99D386-BAD3-4B5E-A80A-EFD3D90A1654}.TestDebug|Any CPU.ActiveCfg = Debug|Any CPU
		{4E99D386-BAD3-4B5E-A80A-EFD3D90A1654}.TestDebug|Any CPU.Build.0 = Debug|Any CPU
		{F001F36F-536C-4EEB-AB11-712D8120A771}.Debug|Any CPU.ActiveCfg = Debug|Any CPU
		{F001F36F-536C-4EEB-AB11-712D8120A771}.Debug|Any CPU.Build.0 = Debug|Any CPU
		{F001F36F-536C-4EEB-AB11-712D8120A771}.Release|Any CPU.ActiveCfg = Release|Any CPU
		{F001F36F-536C-4EEB-AB11-712D8120A771}.Release|Any CPU.Build.0 = Release|Any CPU
		{F001F36F-536C-4EEB-AB11-712D8120A771}.TestDebug|Any CPU.ActiveCfg = Debug|Any CPU
		{F001F36F-536C-4EEB-AB11-712D8120A771}.TestDebug|Any CPU.Build.0 = Debug|Any CPU
		{1DE6AE23-DB3F-44B5-8633-80F6A1AB0BC1}.Debug|Any CPU.ActiveCfg = Debug|Any CPU
		{1DE6AE23-DB3F-44B5-8633-80F6A1AB0BC1}.Debug|Any CPU.Build.0 = Debug|Any CPU
		{1DE6AE23-DB3F-44B5-8633-80F6A1AB0BC1}.Release|Any CPU.ActiveCfg = Release|Any CPU
		{1DE6AE23-DB3F-44B5-8633-80F6A1AB0BC1}.Release|Any CPU.Build.0 = Release|Any CPU
		{1DE6AE23-DB3F-44B5-8633-80F6A1AB0BC1}.TestDebug|Any CPU.ActiveCfg = Debug|Any CPU
		{1DE6AE23-DB3F-44B5-8633-80F6A1AB0BC1}.TestDebug|Any CPU.Build.0 = Debug|Any CPU
		{CE4E0DF5-132A-417B-B062-F70CF0F692F4}.Debug|Any CPU.ActiveCfg = Debug|Any CPU
		{CE4E0DF5-132A-417B-B062-F70CF0F692F4}.Debug|Any CPU.Build.0 = Debug|Any CPU
		{CE4E0DF5-132A-417B-B062-F70CF0F692F4}.Release|Any CPU.ActiveCfg = Release|Any CPU
		{CE4E0DF5-132A-417B-B062-F70CF0F692F4}.Release|Any CPU.Build.0 = Release|Any CPU
		{CE4E0DF5-132A-417B-B062-F70CF0F692F4}.TestDebug|Any CPU.ActiveCfg = Debug|Any CPU
		{CE4E0DF5-132A-417B-B062-F70CF0F692F4}.TestDebug|Any CPU.Build.0 = Debug|Any CPU
	EndGlobalSection
	GlobalSection(SolutionProperties) = preSolution
		HideSolutionNode = FALSE
	EndGlobalSection
	GlobalSection(NestedProjects) = preSolution
		{261CCD0B-7411-40F0-B780-12537175B468} = {B9F019ED-754C-4D7E-90ED-7D54A50B38EB}
		{69E328C0-247D-45B8-9A57-DAE6D88A4AD8} = {11E7849D-8059-417F-BEB2-7B576B7993F3}
		{A43E4E30-1062-4EF8-A17D-4DEF77BAACA3} = {11E7849D-8059-417F-BEB2-7B576B7993F3}
		{84081A7E-4D74-4388-9CA7-8F488DF4C68B} = {11E7849D-8059-417F-BEB2-7B576B7993F3}
		{B1D4F570-499E-4550-8D29-40510954FD05} = {B9F019ED-754C-4D7E-90ED-7D54A50B38EB}
		{4A884C12-01D7-4519-A510-3493BE910988} = {B9F019ED-754C-4D7E-90ED-7D54A50B38EB}
		{E0B508C5-C71F-43B2-A564-E2BB0CD92F7C} = {B9F019ED-754C-4D7E-90ED-7D54A50B38EB}
		{71474D25-09C0-424B-8FAF-62F0B73FA6BD} = {3710808B-7098-4236-9053-FDB52CBB51E0}
		{45C56238-1F6C-47AF-BC25-92CC4BCF51F6} = {3710808B-7098-4236-9053-FDB52CBB51E0}
		{239857A5-F335-4ABF-A8BB-8EB9A81BA3F3} = {3710808B-7098-4236-9053-FDB52CBB51E0}
		{7BC975EF-EA69-4EA0-8AC7-01642F2D6086} = {3710808B-7098-4236-9053-FDB52CBB51E0}
		{91127A4A-B1CA-4A5E-8A54-2F1E0C9B0BFC} = {3710808B-7098-4236-9053-FDB52CBB51E0}
		{69997CEE-FE90-4CF6-97AE-8A2B7811A4F5} = {11E7849D-8059-417F-BEB2-7B576B7993F3}
		{14A1CF32-83E1-4B67-88E2-3EBFE9F5071C} = {11E7849D-8059-417F-BEB2-7B576B7993F3}
		{817E430C-8C30-4452-A4EA-ECCFCD466BDF} = {3710808B-7098-4236-9053-FDB52CBB51E0}
		{C932BEDD-F645-448B-B37E-C326FDC1A453} = {3710808B-7098-4236-9053-FDB52CBB51E0}
		{3710808B-7098-4236-9053-FDB52CBB51E0} = {B9F019ED-754C-4D7E-90ED-7D54A50B38EB}
		{51C25E90-B0E4-4781-B973-2D2C2987F304} = {3710808B-7098-4236-9053-FDB52CBB51E0}
		{02BA7A29-42F3-484F-A93A-CA0EEEB46A92} = {3710808B-7098-4236-9053-FDB52CBB51E0}
		{C4DF9612-4416-4BD3-A67B-EC4115C97A44} = {3710808B-7098-4236-9053-FDB52CBB51E0}
		{4E99D386-BAD3-4B5E-A80A-EFD3D90A1654} = {3710808B-7098-4236-9053-FDB52CBB51E0}
		{F001F36F-536C-4EEB-AB11-712D8120A771} = {3710808B-7098-4236-9053-FDB52CBB51E0}
		{1DE6AE23-DB3F-44B5-8633-80F6A1AB0BC1} = {3710808B-7098-4236-9053-FDB52CBB51E0}
		{CE4E0DF5-132A-417B-B062-F70CF0F692F4} = {3710808B-7098-4236-9053-FDB52CBB51E0}
	EndGlobalSection
	GlobalSection(ExtensibilityGlobals) = postSolution
		SolutionGuid = {2F4914B0-F8E8-4745-979B-5F36DFA8013A}
	EndGlobalSection
EndGlobal
