
Microsoft Visual Studio Solution File, Format Version 12.00
# Visual Studio Version 17
VisualStudioVersion = 17.0.32014.148
MinimumVisualStudioVersion = 10.0.40219.1
Project("{FAE04EC0-301F-11D3-BF4B-00C04F79EFBC}") = "Deveroom.SampleSpecFlow3940.SpecFlowPlugin", "Deveroom.SampleSpecFlow3940.SpecFlowPlugin.csproj", "{48D284B9-B17F-47AE-A02B-E2438824F4E2}"
EndProject
Global
	GlobalSection(SolutionConfigurationPlatforms) = preSolution
		Debug|Any CPU = Debug|Any CPU
		Release|Any CPU = Release|Any CPU
	EndGlobalSection
	GlobalSection(ProjectConfigurationPlatforms) = postSolution
		{48D284B9-B17F-47AE-A02B-E2438824F4E2}.Debug|Any CPU.ActiveCfg = Debug|Any CPU
		{48D284B9-B17F-47AE-A02B-E2438824F4E2}.Debug|Any CPU.Build.0 = Debug|Any CPU
		{48D284B9-B17F-47AE-A02B-E2438824F4E2}.Release|Any CPU.ActiveCfg = Release|Any CPU
		{48D284B9-B17F-47AE-A02B-E2438824F4E2}.Release|Any CPU.Build.0 = Release|Any CPU
	EndGlobalSection
	GlobalSection(SolutionProperties) = preSolution
		HideSolutionNode = FALSE
	EndGlobalSection
	GlobalSection(ExtensibilityGlobals) = postSolution
		SolutionGuid = {E44FD990-3D1D-4363-8DA6-0215A874D62F}
	EndGlobalSection
EndGlobal
